
Microsoft Visual Studio Solution File, Format Version 12.00
# Visual Studio Version 17
VisualStudioVersion = 17.2.32630.192
MinimumVisualStudioVersion = 10.0.40219.1
Project("{FAE04EC0-301F-11D3-BF4B-00C04F79EFBC}") = "ProjectAnt2", "ProjectAnt2\ProjectAnt2.csproj", "{37649D13-2868-42BE-A873-806B704BFF6B}"
EndProject
Global
	GlobalSection(SolutionConfigurationPlatforms) = preSolution
		Debug|Any CPU = Debug|Any CPU
		Release|Any CPU = Release|Any CPU
	EndGlobalSection
	GlobalSection(ProjectConfigurationPlatforms) = postSolution
		{37649D13-2868-42BE-A873-806B704BFF6B}.Debug|Any CPU.ActiveCfg = Debug|Any CPU
		{37649D13-2868-42BE-A873-806B704BFF6B}.Debug|Any CPU.Build.0 = Debug|Any CPU
		{37649D13-2868-42BE-A873-806B704BFF6B}.Release|Any CPU.ActiveCfg = Release|Any CPU
		{37649D13-2868-42BE-A873-806B704BFF6B}.Release|Any CPU.Build.0 = Release|Any CPU
	EndGlobalSection
	GlobalSection(SolutionProperties) = preSolution
		HideSolutionNode = FALSE
	EndGlobalSection
	GlobalSection(ExtensibilityGlobals) = postSolution
		SolutionGuid = {3F45E953-EE82-46E0-8D3A-BC85E21CFEBD}
	EndGlobalSection
EndGlobal
